<?xml version="1.0" encoding="utf-8"?>
<Project ToolsVersion="4.0" xmlns="http://schemas.microsoft.com/developer/msbuild/2003">
  <ItemGroup>
    <Filter Include="src">
      <UniqueIdentifier>{4FC737F1-C7A5-4376-A066-2A32D752A2FF}</UniqueIdentifier>
      <Extensions>cpp;c;cc;cxx;c++;cppm;ixx;def;odl;idl;hpj;bat;asm;asmx</Extensions>
    </Filter>
    <Filter Include="src\imgui">
      <UniqueIdentifier>{e46d977a-2f44-4d11-bba9-e157a302bdf4}</UniqueIdentifier>
    </Filter>
    <Filter Include="src\app">
      <UniqueIdentifier>{ae7cf5c5-2971-4d3d-8b11-739defd21ced}</UniqueIdentifier>
    </Filter>
  </ItemGroup>
  <ItemGroup>
    <ClCompile Include="src\main.cpp">
      <Filter>src</Filter>
    </ClCompile>
    <ClCompile Include="src\imgui\imgui.cpp">
      <Filter>src\imgui</Filter>
    </ClCompile>
    <ClCompile Include="src\imgui\imgui_demo.cpp">
      <Filter>src\imgui</Filter>
    </ClCompile>
    <ClCompile Include="src\imgui\imgui_draw.cpp">
      <Filter>src\imgui</Filter>
    </ClCompile>
    <ClCompile Include="src\imgui\imgui_tables.cpp">
      <Filter>src\imgui</Filter>
    </ClCompile>
    <ClCompile Include="src\imgui\imgui_widgets.cpp">
      <Filter>src\imgui</Filter>
    </ClCompile>
    <ClCompile Include="src\app\DearImGuiManager.cpp">
      <Filter>src\app</Filter>
    </ClCompile>
    <ClCompile Include="src\app\RenderDevice.cpp">
      <Filter>src\app</Filter>
    </ClCompile>
    <ClCompile Include="src\app\Renderer.cpp">
      <Filter>src\app</Filter>
    </ClCompile>
    <ClCompile Include="src\app\SwapChain.cpp">
      <Filter>src\app</Filter>
    </ClCompile>
    <ClCompile Include="src\app\Window.cpp">
      <Filter>src\app</Filter>
    </ClCompile>
    <ClCompile Include="src\app\WindowManager.cpp">
      <Filter>src\app</Filter>
    </ClCompile>
    <ClCompile Include="src\app\DearImGuiRenderer.cpp">
      <Filter>src\app</Filter>
    </ClCompile>
  </ItemGroup>
  <ItemGroup>
    <ClInclude Include="src\imgui\imconfig.h">
      <Filter>src\imgui</Filter>
    </ClInclude>
    <ClInclude Include="src\imgui\imgui.h">
      <Filter>src\imgui</Filter>
    </ClInclude>
    <ClInclude Include="src\imgui\imgui_internal.h">
      <Filter>src\imgui</Filter>
    </ClInclude>
    <ClInclude Include="src\imgui\imstb_rectpack.h">
      <Filter>src\imgui</Filter>
    </ClInclude>
    <ClInclude Include="src\imgui\imstb_textedit.h">
      <Filter>src\imgui</Filter>
    </ClInclude>
    <ClInclude Include="src\imgui\imstb_truetype.h">
      <Filter>src\imgui</Filter>
    </ClInclude>
    <ClInclude Include="src\app\DearImGuiManager.h">
      <Filter>src\app</Filter>
    </ClInclude>
    <ClInclude Include="src\app\RenderDevice.h">
      <Filter>src\app</Filter>
    </ClInclude>
    <ClInclude Include="src\app\Renderer.h">
      <Filter>src\app</Filter>
    </ClInclude>
    <ClInclude Include="src\app\SpinLock.h">
      <Filter>src\app</Filter>
    </ClInclude>
    <ClInclude Include="src\app\SwapChain.h">
      <Filter>src\app</Filter>
    </ClInclude>
    <ClInclude Include="src\app\Window.h">
      <Filter>src\app</Filter>
    </ClInclude>
    <ClInclude Include="src\app\WindowManager.h">
      <Filter>src\app</Filter>
    </ClInclude>
    <ClInclude Include="src\app\Util.h">
      <Filter>src\app</Filter>
    </ClInclude>
    <ClInclude Include="src\app\DearImGuiRenderer.h">
      <Filter>src\app</Filter>
    </ClInclude>
    <ClInclude Include="src\app\FrameData.h">
      <Filter>src\app</Filter>
    </ClInclude>
  </ItemGroup>
</Project>