<?xml version="1.0" encoding="utf-8"?>
<Project ToolsVersion="4.0" xmlns="http://schemas.microsoft.com/developer/msbuild/2003">
  <ItemGroup>
    <Filter Include="include">
      <UniqueIdentifier>{7e59278c-35cb-489b-995d-57b0dcb9c4d6}</UniqueIdentifier>
    </Filter>
    <Filter Include="src">
      <UniqueIdentifier>{2de88710-510d-489f-9b6a-d82098d5e5fb}</UniqueIdentifier>
    </Filter>
  </ItemGroup>
  <ItemGroup>
    <ClCompile Include="src/app/src/main.cpp">
      <Filter>src</Filter>
    </ClCompile>
  </ItemGroup>
</Project>